
Microsoft Visual Studio Solution File, Format Version 12.00
# Visual Studio Version 17
VisualStudioVersion = 17.10.34916.146
MinimumVisualStudioVersion = 10.0.40219.1
Project("{9A19103F-16F7-4668-BE54-9A1E7A4F7556}") = "API", "API\API.csproj", "{60BF20E9-A8B6-42F0-90C4-8311C32CF1BA}"
EndProject
Project("{9A19103F-16F7-4668-BE54-9A1E7A4F7556}") = "Application", "Application\Application.csproj", "{859EB251-6126-4AD0-B142-C0D6154C2C64}"
EndProject
Project("{9A19103F-16F7-4668-BE54-9A1E7A4F7556}") = "Domain", "Domain\Domain.csproj", "{167B7338-EFF1-4476-BD79-93D833BF6CF8}"
EndProject
Project("{9A19103F-16F7-4668-BE54-9A1E7A4F7556}") = "Persistence", "Persistence\Persistence.csproj", "{603CCA0D-7251-4988-8090-AC7E995F46B9}"
EndProject
Project("{9A19103F-16F7-4668-BE54-9A1E7A4F7556}") = "Infrastructure", "Infrastructure\Infrastructure.csproj", "{A1B90B5C-81C4-46E6-8228-3ABB95675374}"
EndProject
Project("{2150E333-8FDC-42A3-9474-1A3956D46DE8}") = "Solution Items", "Solution Items", "{230462B9-C9C9-4919-832C-972FB16BFEC1}"
	ProjectSection(SolutionItems) = preProject
		docker-compose.yml = docker-compose.yml
	EndProjectSection
EndProject
Global
	GlobalSection(SolutionConfigurationPlatforms) = preSolution
		Debug|Any CPU = Debug|Any CPU
		Release|Any CPU = Release|Any CPU
	EndGlobalSection
	GlobalSection(ProjectConfigurationPlatforms) = postSolution
		{60BF20E9-A8B6-42F0-90C4-8311C32CF1BA}.Debug|Any CPU.ActiveCfg = Debug|Any CPU
		{60BF20E9-A8B6-42F0-90C4-8311C32CF1BA}.Debug|Any CPU.Build.0 = Debug|Any CPU
		{60BF20E9-A8B6-42F0-90C4-8311C32CF1BA}.Release|Any CPU.ActiveCfg = Release|Any CPU
		{60BF20E9-A8B6-42F0-90C4-8311C32CF1BA}.Release|Any CPU.Build.0 = Release|Any CPU
		{859EB251-6126-4AD0-B142-C0D6154C2C64}.Debug|Any CPU.ActiveCfg = Debug|Any CPU
		{859EB251-6126-4AD0-B142-C0D6154C2C64}.Debug|Any CPU.Build.0 = Debug|Any CPU
		{859EB251-6126-4AD0-B142-C0D6154C2C64}.Release|Any CPU.ActiveCfg = Release|Any CPU
		{859EB251-6126-4AD0-B142-C0D6154C2C64}.Release|Any CPU.Build.0 = Release|Any CPU
		{167B7338-EFF1-4476-BD79-93D833BF6CF8}.Debug|Any CPU.ActiveCfg = Debug|Any CPU
		{167B7338-EFF1-4476-BD79-93D833BF6CF8}.Debug|Any CPU.Build.0 = Debug|Any CPU
		{167B7338-EFF1-4476-BD79-93D833BF6CF8}.Release|Any CPU.ActiveCfg = Release|Any CPU
		{167B7338-EFF1-4476-BD79-93D833BF6CF8}.Release|Any CPU.Build.0 = Release|Any CPU
		{603CCA0D-7251-4988-8090-AC7E995F46B9}.Debug|Any CPU.ActiveCfg = Debug|Any CPU
		{603CCA0D-7251-4988-8090-AC7E995F46B9}.Debug|Any CPU.Build.0 = Debug|Any CPU
		{603CCA0D-7251-4988-8090-AC7E995F46B9}.Release|Any CPU.ActiveCfg = Release|Any CPU
		{603CCA0D-7251-4988-8090-AC7E995F46B9}.Release|Any CPU.Build.0 = Release|Any CPU
		{A1B90B5C-81C4-46E6-8228-3ABB95675374}.Debug|Any CPU.ActiveCfg = Debug|Any CPU
		{A1B90B5C-81C4-46E6-8228-3ABB95675374}.Debug|Any CPU.Build.0 = Debug|Any CPU
		{A1B90B5C-81C4-46E6-8228-3ABB95675374}.Release|Any CPU.ActiveCfg = Release|Any CPU
		{A1B90B5C-81C4-46E6-8228-3ABB95675374}.Release|Any CPU.Build.0 = Release|Any CPU
	EndGlobalSection
	GlobalSection(SolutionProperties) = preSolution
		HideSolutionNode = FALSE
	EndGlobalSection
	GlobalSection(ExtensibilityGlobals) = postSolution
		SolutionGuid = {5CDAA241-D73F-40CB-AFCF-A38D9F09BFFA}
	EndGlobalSection
EndGlobal
